
Microsoft Visual Studio Solution File, Format Version 12.00
# Visual Studio 2013
VisualStudioVersion = 12.0.31101.0
MinimumVisualStudioVersion = 10.0.40219.1
Project("{F2A71F9B-5D33-465A-A702-920D77279786}") = "FSharp.ConsoleApp", "FSharp.ConsoleApp\FSharp.ConsoleApp.fsproj", "{9247C78E-E2F8-4FAF-A0B3-F276E32D02C7}"
EndProject
Project("{F2A71F9B-5D33-465A-A702-920D77279786}") = "FSharp.ConsoleApp.Tests", "FSharp.ConsoleApp.Tests\FSharp.ConsoleApp.Tests.fsproj", "{39665459-855C-468B-98F7-9B44563EA34E}"
EndProject
Project("{F2A71F9B-5D33-465A-A702-920D77279786}") = "FSharp.ConsoleApp.Example", "FSharp.ConsoleApp.Example\FSharp.ConsoleApp.Example.fsproj", "{A667ECC8-A94F-4C17-818C-807D580068E2}"
EndProject
Global
	GlobalSection(SolutionConfigurationPlatforms) = preSolution
		Debug|Any CPU = Debug|Any CPU
		Release|Any CPU = Release|Any CPU
	EndGlobalSection
	GlobalSection(ProjectConfigurationPlatforms) = postSolution
		{9247C78E-E2F8-4FAF-A0B3-F276E32D02C7}.Debug|Any CPU.ActiveCfg = Debug|Any CPU
		{9247C78E-E2F8-4FAF-A0B3-F276E32D02C7}.Debug|Any CPU.Build.0 = Debug|Any CPU
		{9247C78E-E2F8-4FAF-A0B3-F276E32D02C7}.Release|Any CPU.ActiveCfg = Release|Any CPU
		{9247C78E-E2F8-4FAF-A0B3-F276E32D02C7}.Release|Any CPU.Build.0 = Release|Any CPU
		{39665459-855C-468B-98F7-9B44563EA34E}.Debug|Any CPU.ActiveCfg = Debug|Any CPU
		{39665459-855C-468B-98F7-9B44563EA34E}.Debug|Any CPU.Build.0 = Debug|Any CPU
		{39665459-855C-468B-98F7-9B44563EA34E}.Release|Any CPU.ActiveCfg = Release|Any CPU
		{39665459-855C-468B-98F7-9B44563EA34E}.Release|Any CPU.Build.0 = Release|Any CPU
		{A667ECC8-A94F-4C17-818C-807D580068E2}.Debug|Any CPU.ActiveCfg = Debug|Any CPU
		{A667ECC8-A94F-4C17-818C-807D580068E2}.Debug|Any CPU.Build.0 = Debug|Any CPU
		{A667ECC8-A94F-4C17-818C-807D580068E2}.Release|Any CPU.ActiveCfg = Release|Any CPU
		{A667ECC8-A94F-4C17-818C-807D580068E2}.Release|Any CPU.Build.0 = Release|Any CPU
	EndGlobalSection
	GlobalSection(SolutionProperties) = preSolution
		HideSolutionNode = FALSE
	EndGlobalSection
EndGlobal
